
Microsoft Visual Studio Solution File, Format Version 12.00
# Visual Studio Version 17
VisualStudioVersion = 17.6.33829.357
MinimumVisualStudioVersion = 10.0.40219.1
Project("{FAE04EC0-301F-11D3-BF4B-00C04F79EFBC}") = "PostAPI", "PostAPI\PostAPI.csproj", "{DEDEBD79-8CE0-4ADC-8890-96E399E150D2}"
EndProject
Global
	GlobalSection(SolutionConfigurationPlatforms) = preSolution
		Debug|Any CPU = Debug|Any CPU
		Release|Any CPU = Release|Any CPU
	EndGlobalSection
	GlobalSection(ProjectConfigurationPlatforms) = postSolution
		{DEDEBD79-8CE0-4ADC-8890-96E399E150D2}.Debug|Any CPU.ActiveCfg = Debug|Any CPU
		{DEDEBD79-8CE0-4ADC-8890-96E399E150D2}.Debug|Any CPU.Build.0 = Debug|Any CPU
		{DEDEBD79-8CE0-4ADC-8890-96E399E150D2}.Release|Any CPU.ActiveCfg = Release|Any CPU
		{DEDEBD79-8CE0-4ADC-8890-96E399E150D2}.Release|Any CPU.Build.0 = Release|Any CPU
	EndGlobalSection
	GlobalSection(SolutionProperties) = preSolution
		HideSolutionNode = FALSE
	EndGlobalSection
	GlobalSection(ExtensibilityGlobals) = postSolution
		SolutionGuid = {0F5FB48C-2EA4-4F80-BD33-55136BC234EB}
	EndGlobalSection
EndGlobal
